
Microsoft Visual Studio Solution File, Format Version 12.00
# Visual Studio 15
VisualStudioVersion = 15.0.26124.0
MinimumVisualStudioVersion = 15.0.26124.0
Project("{FAE04EC0-301F-11D3-BF4B-00C04F79EFBC}") = "MicroService.API", "MicroService.API\MicroService.API.csproj", "{AF68C624-75EC-462D-ADF4-BB11BEA90539}"
EndProject
Project("{FAE04EC0-301F-11D3-BF4B-00C04F79EFBC}") = "MicroService.UnitTests", "MicroService.UnitTests\MicroService.UnitTests.csproj", "{D101708E-09A2-4D48-9C9E-962A1EA7E6BA}"
EndProject
Global
	GlobalSection(SolutionConfigurationPlatforms) = preSolution
		Debug|Any CPU = Debug|Any CPU
		Debug|x64 = Debug|x64
		Debug|x86 = Debug|x86
		Release|Any CPU = Release|Any CPU
		Release|x64 = Release|x64
		Release|x86 = Release|x86
	EndGlobalSection
	GlobalSection(SolutionProperties) = preSolution
		HideSolutionNode = FALSE
	EndGlobalSection
	GlobalSection(ProjectConfigurationPlatforms) = postSolution
		{AF68C624-75EC-462D-ADF4-BB11BEA90539}.Debug|Any CPU.ActiveCfg = Debug|Any CPU
		{AF68C624-75EC-462D-ADF4-BB11BEA90539}.Debug|Any CPU.Build.0 = Debug|Any CPU
		{AF68C624-75EC-462D-ADF4-BB11BEA90539}.Debug|x64.ActiveCfg = Debug|Any CPU
		{AF68C624-75EC-462D-ADF4-BB11BEA90539}.Debug|x64.Build.0 = Debug|Any CPU
		{AF68C624-75EC-462D-ADF4-BB11BEA90539}.Debug|x86.ActiveCfg = Debug|Any CPU
		{AF68C624-75EC-462D-ADF4-BB11BEA90539}.Debug|x86.Build.0 = Debug|Any CPU
		{AF68C624-75EC-462D-ADF4-BB11BEA90539}.Release|Any CPU.ActiveCfg = Release|Any CPU
		{AF68C624-75EC-462D-ADF4-BB11BEA90539}.Release|Any CPU.Build.0 = Release|Any CPU
		{AF68C624-75EC-462D-ADF4-BB11BEA90539}.Release|x64.ActiveCfg = Release|Any CPU
		{AF68C624-75EC-462D-ADF4-BB11BEA90539}.Release|x64.Build.0 = Release|Any CPU
		{AF68C624-75EC-462D-ADF4-BB11BEA90539}.Release|x86.ActiveCfg = Release|Any CPU
		{AF68C624-75EC-462D-ADF4-BB11BEA90539}.Release|x86.Build.0 = Release|Any CPU
		{D101708E-09A2-4D48-9C9E-962A1EA7E6BA}.Debug|Any CPU.ActiveCfg = Debug|Any CPU
		{D101708E-09A2-4D48-9C9E-962A1EA7E6BA}.Debug|Any CPU.Build.0 = Debug|Any CPU
		{D101708E-09A2-4D48-9C9E-962A1EA7E6BA}.Debug|x64.ActiveCfg = Debug|Any CPU
		{D101708E-09A2-4D48-9C9E-962A1EA7E6BA}.Debug|x64.Build.0 = Debug|Any CPU
		{D101708E-09A2-4D48-9C9E-962A1EA7E6BA}.Debug|x86.ActiveCfg = Debug|Any CPU
		{D101708E-09A2-4D48-9C9E-962A1EA7E6BA}.Debug|x86.Build.0 = Debug|Any CPU
		{D101708E-09A2-4D48-9C9E-962A1EA7E6BA}.Release|Any CPU.ActiveCfg = Release|Any CPU
		{D101708E-09A2-4D48-9C9E-962A1EA7E6BA}.Release|Any CPU.Build.0 = Release|Any CPU
		{D101708E-09A2-4D48-9C9E-962A1EA7E6BA}.Release|x64.ActiveCfg = Release|Any CPU
		{D101708E-09A2-4D48-9C9E-962A1EA7E6BA}.Release|x64.Build.0 = Release|Any CPU
		{D101708E-09A2-4D48-9C9E-962A1EA7E6BA}.Release|x86.ActiveCfg = Release|Any CPU
		{D101708E-09A2-4D48-9C9E-962A1EA7E6BA}.Release|x86.Build.0 = Release|Any CPU
	EndGlobalSection
EndGlobal
